
Microsoft Visual Studio Solution File, Format Version 12.00
# Visual Studio 15
VisualStudioVersion = 15.0.28307.168
MinimumVisualStudioVersion = 10.0.40219.1
Project("{8BC9CEB8-8B4A-11D0-8D11-00A0C91BC942}") = "lab14", "lab14\lab14.vcxproj", "{5D17B3A5-6D5D-4E96-AB63-78AA5B01997A}"
EndProject
Project("{8BC9CEB8-8B4A-11D0-8D11-00A0C91BC942}") = "lab15", "lab15\lab15.vcxproj", "{4BCA9101-DC45-4938-BD31-1AB18FF8EFD0}"
EndProject
Project("{8BC9CEB8-8B4A-11D0-8D11-00A0C91BC942}") = "indiv3", "indiv3\indiv3.vcxproj", "{014D1FC0-9D26-4EA2-B14B-58CE117BF7EB}"
EndProject
Global
	GlobalSection(SolutionConfigurationPlatforms) = preSolution
		Debug|x64 = Debug|x64
		Debug|x86 = Debug|x86
		Release|x64 = Release|x64
		Release|x86 = Release|x86
	EndGlobalSection
	GlobalSection(ProjectConfigurationPlatforms) = postSolution
		{5D17B3A5-6D5D-4E96-AB63-78AA5B01997A}.Debug|x64.ActiveCfg = Debug|x64
		{5D17B3A5-6D5D-4E96-AB63-78AA5B01997A}.Debug|x64.Build.0 = Debug|x64
		{5D17B3A5-6D5D-4E96-AB63-78AA5B01997A}.Debug|x86.ActiveCfg = Debug|Win32
		{5D17B3A5-6D5D-4E96-AB63-78AA5B01997A}.Debug|x86.Build.0 = Debug|Win32
		{5D17B3A5-6D5D-4E96-AB63-78AA5B01997A}.Release|x64.ActiveCfg = Release|x64
		{5D17B3A5-6D5D-4E96-AB63-78AA5B01997A}.Release|x64.Build.0 = Release|x64
		{5D17B3A5-6D5D-4E96-AB63-78AA5B01997A}.Release|x86.ActiveCfg = Release|Win32
		{5D17B3A5-6D5D-4E96-AB63-78AA5B01997A}.Release|x86.Build.0 = Release|Win32
		{4BCA9101-DC45-4938-BD31-1AB18FF8EFD0}.Debug|x64.ActiveCfg = Debug|x64
		{4BCA9101-DC45-4938-BD31-1AB18FF8EFD0}.Debug|x64.Build.0 = Debug|x64
		{4BCA9101-DC45-4938-BD31-1AB18FF8EFD0}.Debug|x86.ActiveCfg = Debug|Win32
		{4BCA9101-DC45-4938-BD31-1AB18FF8EFD0}.Debug|x86.Build.0 = Debug|Win32
		{4BCA9101-DC45-4938-BD31-1AB18FF8EFD0}.Release|x64.ActiveCfg = Release|x64
		{4BCA9101-DC45-4938-BD31-1AB18FF8EFD0}.Release|x64.Build.0 = Release|x64
		{4BCA9101-DC45-4938-BD31-1AB18FF8EFD0}.Release|x86.ActiveCfg = Release|Win32
		{4BCA9101-DC45-4938-BD31-1AB18FF8EFD0}.Release|x86.Build.0 = Release|Win32
		{014D1FC0-9D26-4EA2-B14B-58CE117BF7EB}.Debug|x64.ActiveCfg = Debug|x64
		{014D1FC0-9D26-4EA2-B14B-58CE117BF7EB}.Debug|x64.Build.0 = Debug|x64
		{014D1FC0-9D26-4EA2-B14B-58CE117BF7EB}.Debug|x86.ActiveCfg = Debug|Win32
		{014D1FC0-9D26-4EA2-B14B-58CE117BF7EB}.Debug|x86.Build.0 = Debug|Win32
		{014D1FC0-9D26-4EA2-B14B-58CE117BF7EB}.Release|x64.ActiveCfg = Release|x64
		{014D1FC0-9D26-4EA2-B14B-58CE117BF7EB}.Release|x64.Build.0 = Release|x64
		{014D1FC0-9D26-4EA2-B14B-58CE117BF7EB}.Release|x86.ActiveCfg = Release|Win32
		{014D1FC0-9D26-4EA2-B14B-58CE117BF7EB}.Release|x86.Build.0 = Release|Win32
	EndGlobalSection
	GlobalSection(SolutionProperties) = preSolution
		HideSolutionNode = FALSE
	EndGlobalSection
	GlobalSection(ExtensibilityGlobals) = postSolution
		SolutionGuid = {A91EACA5-3EA7-49A3-B339-C46A5AEE6EA5}
	EndGlobalSection
EndGlobal
